{
  "github/skill/db-query": {
    "sha": "bc257f8647e1398e0196ff845d2a1dac912fe6d6",
    "raw_url": "https://api.github.com/repos/archon-research/skills/contents/db-query?ref=107b1354f6fd11381e559f73a4ca80e001655545"
  },
  "github/skill/gh-stack": {
    "sha": "2bd699a544a09cb5c45a013d03416e0894b0454e",
    "raw_url": "https://raw.githubusercontent.com/github/gh-stack/171d055ff1f01346abfde1a0633ae9f871f39fe7/skills/gh-stack/SKILL.md"
  },
  "github/skill/verify-deploy": {
    "sha": "bc257f8647e1398e0196ff845d2a1dac912fe6d6",
    "raw_url": "https://api.github.com/repos/archon-research/skills/contents/verify-deploy?ref=107b1354f6fd11381e559f73a4ca80e001655545"
  }
}
